# THIS IS AN AUTOGENERATED FILE. DO NOT EDIT THIS FILE DIRECTLY.
# yarn lockfile v1


"@openzeppelin/contracts@3.2.1-solc-0.7":
  version "3.2.1-solc-0.7"
  resolved "https://registry.yarnpkg.com/@openzeppelin/contracts/-/contracts-3.2.1-solc-0.7.tgz#067a60918b935d4733208edb3d7e35cd1d51026b"
  integrity sha512-VfKZE9L2HNaZVBR7l5yHbRmap3EiVw9F5iVXRRDdgfnA9vQ1yFanrs0VYmdo2VIXC+EsI9wPPYZY9Ic7/qDBdw==
